// !$*UTF8*$!
{
	archiveVersion = 1;
	classes = {
	};
	objectVersion = 56;
	objects = {

/* Begin PBXBuildFile section */
		D702F1E32C8C54D900FA06E3 /* PastifyApp.swift in Sources */ = {isa = PBXBuildFile; fileRef = D702F1E22C8C54D900FA06E3 /* PastifyApp.swift */; };
		D702F1E52C8C54D900FA06E3 /* ContentView.swift in Sources */ = {isa = PBXBuildFile; fileRef = D702F1E42C8C54D900FA06E3 /* ContentView.swift */; };
		D702F1E72C8C54DA00FA06E3 /* Assets.xcassets in Resources */ = {isa = PBXBuildFile; fileRef = D702F1E62C8C54DA00FA06E3 /* Assets.xcassets */; };
		D702F1EA2C8C54DA00FA06E3 /* Preview Assets.xcassets in Resources */ = {isa = PBXBuildFile; fileRef = D702F1E92C8C54DA00FA06E3 /* Preview Assets.xcassets */; };
		D702F2152C8C7C4400FA06E3 /* HomeScreen.swift in Sources */ = {isa = PBXBuildFile; fileRef = D702F2142C8C7C4400FA06E3 /* HomeScreen.swift */; };
		D702F2182C8C958B00FA06E3 /* ClipboardView.swift in Sources */ = {isa = PBXBuildFile; fileRef = D702F2172C8C958B00FA06E3 /* ClipboardView.swift */; };
		D702F21A2C8C95FC00FA06E3 /* ClipboardViewModel.swift in Sources */ = {isa = PBXBuildFile; fileRef = D702F2192C8C95FC00FA06E3 /* ClipboardViewModel.swift */; };
		D702F21D2C8C978500FA06E3 /* BoardItemView.swift in Sources */ = {isa = PBXBuildFile; fileRef = D702F21C2C8C978500FA06E3 /* BoardItemView.swift */; };
		D702F21F2C8C986400FA06E3 /* Board.swift in Sources */ = {isa = PBXBuildFile; fileRef = D702F21E2C8C986400FA06E3 /* Board.swift */; };
		D702F2232C8CB49800FA06E3 /* RoundedBorder.swift in Sources */ = {isa = PBXBuildFile; fileRef = D702F2222C8CB49800FA06E3 /* RoundedBorder.swift */; };
		D702F2262C8CBF0900FA06E3 /* Color.swift in Sources */ = {isa = PBXBuildFile; fileRef = D702F2252C8CBF0900FA06E3 /* Color.swift */; };
		D702F2282C8CCEF300FA06E3 /* Spacing.swift in Sources */ = {isa = PBXBuildFile; fileRef = D702F2272C8CCEF300FA06E3 /* Spacing.swift */; };
		D702F22A2C8CCF9E00FA06E3 /* Radius.swift in Sources */ = {isa = PBXBuildFile; fileRef = D702F2292C8CCF9E00FA06E3 /* Radius.swift */; };
		D702F22D2C8CD8CE00FA06E3 /* CustomSpacer.swift in Sources */ = {isa = PBXBuildFile; fileRef = D702F22C2C8CD8CE00FA06E3 /* CustomSpacer.swift */; };
		D702F22F2C8CDE1100FA06E3 /* MyFont.swift in Sources */ = {isa = PBXBuildFile; fileRef = D702F22E2C8CDE1100FA06E3 /* MyFont.swift */; };
		D702F2312C8CDE4D00FA06E3 /* Font.swift in Sources */ = {isa = PBXBuildFile; fileRef = D702F2302C8CDE4D00FA06E3 /* Font.swift */; };
		D702F2342C8D8FB700FA06E3 /* BoardListView.swift in Sources */ = {isa = PBXBuildFile; fileRef = D702F2332C8D8FB700FA06E3 /* BoardListView.swift */; };
		D702F2372C8DF44F00FA06E3 /* AddBoardView.swift in Sources */ = {isa = PBXBuildFile; fileRef = D702F2362C8DF44F00FA06E3 /* AddBoardView.swift */; };
/* End PBXBuildFile section */

/* Begin PBXFileReference section */
		D702F1DF2C8C54D900FA06E3 /* Pastify.app */ = {isa = PBXFileReference; explicitFileType = wrapper.application; includeInIndex = 0; path = Pastify.app; sourceTree = BUILT_PRODUCTS_DIR; };
		D702F1E22C8C54D900FA06E3 /* PastifyApp.swift */ = {isa = PBXFileReference; lastKnownFileType = sourcecode.swift; path = PastifyApp.swift; sourceTree = "<group>"; };
		D702F1E42C8C54D900FA06E3 /* ContentView.swift */ = {isa = PBXFileReference; lastKnownFileType = sourcecode.swift; path = ContentView.swift; sourceTree = "<group>"; };
		D702F1E62C8C54DA00FA06E3 /* Assets.xcassets */ = {isa = PBXFileReference; lastKnownFileType = folder.assetcatalog; path = Assets.xcassets; sourceTree = "<group>"; };
		D702F1E92C8C54DA00FA06E3 /* Preview Assets.xcassets */ = {isa = PBXFileReference; lastKnownFileType = folder.assetcatalog; path = "Preview Assets.xcassets"; sourceTree = "<group>"; };
		D702F2142C8C7C4400FA06E3 /* HomeScreen.swift */ = {isa = PBXFileReference; lastKnownFileType = sourcecode.swift; path = HomeScreen.swift; sourceTree = "<group>"; };
		D702F2172C8C958B00FA06E3 /* ClipboardView.swift */ = {isa = PBXFileReference; lastKnownFileType = sourcecode.swift; path = ClipboardView.swift; sourceTree = "<group>"; };
		D702F2192C8C95FC00FA06E3 /* ClipboardViewModel.swift */ = {isa = PBXFileReference; lastKnownFileType = sourcecode.swift; path = ClipboardViewModel.swift; sourceTree = "<group>"; };
		D702F21C2C8C978500FA06E3 /* BoardItemView.swift */ = {isa = PBXFileReference; lastKnownFileType = sourcecode.swift; path = BoardItemView.swift; sourceTree = "<group>"; };
		D702F21E2C8C986400FA06E3 /* Board.swift */ = {isa = PBXFileReference; lastKnownFileType = sourcecode.swift; path = Board.swift; sourceTree = "<group>"; };
		D702F2222C8CB49800FA06E3 /* RoundedBorder.swift */ = {isa = PBXFileReference; lastKnownFileType = sourcecode.swift; path = RoundedBorder.swift; sourceTree = "<group>"; };
		D702F2252C8CBF0900FA06E3 /* Color.swift */ = {isa = PBXFileReference; lastKnownFileType = sourcecode.swift; path = Color.swift; sourceTree = "<group>"; };
		D702F2272C8CCEF300FA06E3 /* Spacing.swift */ = {isa = PBXFileReference; lastKnownFileType = sourcecode.swift; path = Spacing.swift; sourceTree = "<group>"; };
		D702F2292C8CCF9E00FA06E3 /* Radius.swift */ = {isa = PBXFileReference; lastKnownFileType = sourcecode.swift; path = Radius.swift; sourceTree = "<group>"; };
		D702F22C2C8CD8CE00FA06E3 /* CustomSpacer.swift */ = {isa = PBXFileReference; lastKnownFileType = sourcecode.swift; path = CustomSpacer.swift; sourceTree = "<group>"; };
		D702F22E2C8CDE1100FA06E3 /* MyFont.swift */ = {isa = PBXFileReference; lastKnownFileType = sourcecode.swift; path = MyFont.swift; sourceTree = "<group>"; };
		D702F2302C8CDE4D00FA06E3 /* Font.swift */ = {isa = PBXFileReference; lastKnownFileType = sourcecode.swift; path = Font.swift; sourceTree = "<group>"; };
		D702F2332C8D8FB700FA06E3 /* BoardListView.swift */ = {isa = PBXFileReference; lastKnownFileType = sourcecode.swift; path = BoardListView.swift; sourceTree = "<group>"; };
		D702F2362C8DF44F00FA06E3 /* AddBoardView.swift */ = {isa = PBXFileReference; lastKnownFileType = sourcecode.swift; path = AddBoardView.swift; sourceTree = "<group>"; };
/* End PBXFileReference section */

/* Begin PBXFrameworksBuildPhase section */
		D702F1DC2C8C54D900FA06E3 /* Frameworks */ = {
			isa = PBXFrameworksBuildPhase;
			buildActionMask = 2147483647;
			files = (
			);
			runOnlyForDeploymentPostprocessing = 0;
		};
/* End PBXFrameworksBuildPhase section */

/* Begin PBXGroup section */
		D702F1D62C8C54D900FA06E3 = {
			isa = PBXGroup;
			children = (
				D702F1E12C8C54D900FA06E3 /* Pastify */,
				D702F1E02C8C54D900FA06E3 /* Products */,
			);
			sourceTree = "<group>";
		};
		D702F1E02C8C54D900FA06E3 /* Products */ = {
			isa = PBXGroup;
			children = (
				D702F1DF2C8C54D900FA06E3 /* Pastify.app */,
			);
			name = Products;
			sourceTree = "<group>";
		};
		D702F1E12C8C54D900FA06E3 /* Pastify */ = {
			isa = PBXGroup;
			children = (
				D702F20D2C8C787800FA06E3 /* Model */,
				D702F20C2C8C787600FA06E3 /* View */,
				D702F20B2C8C787200FA06E3 /* Util */,
				D702F20A2C8C786E00FA06E3 /* Data */,
				D702F1E22C8C54D900FA06E3 /* PastifyApp.swift */,
				D702F1E62C8C54DA00FA06E3 /* Assets.xcassets */,
				D702F1E82C8C54DA00FA06E3 /* Preview Content */,
			);
			path = Pastify;
			sourceTree = "<group>";
		};
		D702F1E82C8C54DA00FA06E3 /* Preview Content */ = {
			isa = PBXGroup;
			children = (
				D702F1E92C8C54DA00FA06E3 /* Preview Assets.xcassets */,
			);
			path = "Preview Content";
			sourceTree = "<group>";
		};
		D702F20A2C8C786E00FA06E3 /* Data */ = {
			isa = PBXGroup;
			children = (
				D702F20F2C8C78B800FA06E3 /* Remote */,
				D702F20E2C8C78AD00FA06E3 /* Local */,
			);
			path = Data;
			sourceTree = "<group>";
		};
		D702F20B2C8C787200FA06E3 /* Util */ = {
			isa = PBXGroup;
			children = (
			);
			path = Util;
			sourceTree = "<group>";
		};
		D702F20C2C8C787600FA06E3 /* View */ = {
			isa = PBXGroup;
			children = (
				D702F2202C8CB41E00FA06E3 /* Core */,
				D702F2122C8C78DE00FA06E3 /* Settings */,
				D702F2112C8C78D200FA06E3 /* Home */,
				D702F2102C8C78C700FA06E3 /* Onboarding */,
				D702F1E42C8C54D900FA06E3 /* ContentView.swift */,
			);
			path = View;
			sourceTree = "<group>";
		};
		D702F20D2C8C787800FA06E3 /* Model */ = {
			isa = PBXGroup;
			children = (
			);
			path = Model;
			sourceTree = "<group>";
		};
		D702F20E2C8C78AD00FA06E3 /* Local */ = {
			isa = PBXGroup;
			children = (
				D702F21E2C8C986400FA06E3 /* Board.swift */,
			);
			path = Local;
			sourceTree = "<group>";
		};
		D702F20F2C8C78B800FA06E3 /* Remote */ = {
			isa = PBXGroup;
			children = (
			);
			path = Remote;
			sourceTree = "<group>";
		};
		D702F2102C8C78C700FA06E3 /* Onboarding */ = {
			isa = PBXGroup;
			children = (
			);
			path = Onboarding;
			sourceTree = "<group>";
		};
		D702F2112C8C78D200FA06E3 /* Home */ = {
			isa = PBXGroup;
			children = (
				D702F2322C8D8FA500FA06E3 /* BoardListView */,
				D702F2162C8C957A00FA06E3 /* Clipboard */,
				D702F2142C8C7C4400FA06E3 /* HomeScreen.swift */,
			);
			path = Home;
			sourceTree = "<group>";
		};
		D702F2122C8C78DE00FA06E3 /* Settings */ = {
			isa = PBXGroup;
			children = (
			);
			path = Settings;
			sourceTree = "<group>";
		};
		D702F2162C8C957A00FA06E3 /* Clipboard */ = {
			isa = PBXGroup;
			children = (
				D702F21B2C8C975E00FA06E3 /* View */,
				D702F2172C8C958B00FA06E3 /* ClipboardView.swift */,
				D702F2192C8C95FC00FA06E3 /* ClipboardViewModel.swift */,
			);
			path = Clipboard;
			sourceTree = "<group>";
		};
		D702F21B2C8C975E00FA06E3 /* View */ = {
			isa = PBXGroup;
			children = (
				D702F21C2C8C978500FA06E3 /* BoardItemView.swift */,
			);
			path = View;
			sourceTree = "<group>";
		};
		D702F2202C8CB41E00FA06E3 /* Core */ = {
			isa = PBXGroup;
			children = (
				D702F22B2C8CD8B100FA06E3 /* View */,
				D702F2242C8CBEFA00FA06E3 /* Theme */,
				D702F2212C8CB42400FA06E3 /* Modifier */,
			);
			path = Core;
			sourceTree = "<group>";
		};
		D702F2212C8CB42400FA06E3 /* Modifier */ = {
			isa = PBXGroup;
			children = (
				D702F2222C8CB49800FA06E3 /* RoundedBorder.swift */,
				D702F2302C8CDE4D00FA06E3 /* Font.swift */,
			);
			path = Modifier;
			sourceTree = "<group>";
		};
		D702F2242C8CBEFA00FA06E3 /* Theme */ = {
			isa = PBXGroup;
			children = (
				D702F2252C8CBF0900FA06E3 /* Color.swift */,
				D702F2272C8CCEF300FA06E3 /* Spacing.swift */,
				D702F2292C8CCF9E00FA06E3 /* Radius.swift */,
				D702F22E2C8CDE1100FA06E3 /* MyFont.swift */,
			);
			path = Theme;
			sourceTree = "<group>";
		};
		D702F22B2C8CD8B100FA06E3 /* View */ = {
			isa = PBXGroup;
			children = (
				D702F22C2C8CD8CE00FA06E3 /* CustomSpacer.swift */,
			);
			path = View;
			sourceTree = "<group>";
		};
		D702F2322C8D8FA500FA06E3 /* BoardListView */ = {
			isa = PBXGroup;
			children = (
				D702F2352C8DF43E00FA06E3 /* View */,
				D702F2332C8D8FB700FA06E3 /* BoardListView.swift */,
			);
			path = BoardListView;
			sourceTree = "<group>";
		};
		D702F2352C8DF43E00FA06E3 /* View */ = {
			isa = PBXGroup;
			children = (
				D702F2362C8DF44F00FA06E3 /* AddBoardView.swift */,
			);
			path = View;
			sourceTree = "<group>";
		};
/* End PBXGroup section */

/* Begin PBXNativeTarget section */
		D702F1DE2C8C54D900FA06E3 /* Pastify */ = {
			isa = PBXNativeTarget;
			buildConfigurationList = D702F1ED2C8C54DA00FA06E3 /* Build configuration list for PBXNativeTarget "Pastify" */;
			buildPhases = (
				D702F1DB2C8C54D900FA06E3 /* Sources */,
				D702F1DC2C8C54D900FA06E3 /* Frameworks */,
				D702F1DD2C8C54D900FA06E3 /* Resources */,
			);
			buildRules = (
			);
			dependencies = (
			);
			name = Pastify;
			productName = Pastify;
			productReference = D702F1DF2C8C54D900FA06E3 /* Pastify.app */;
			productType = "com.apple.product-type.application";
		};
/* End PBXNativeTarget section */

/* Begin PBXProject section */
		D702F1D72C8C54D900FA06E3 /* Project object */ = {
			isa = PBXProject;
			attributes = {
				BuildIndependentTargetsInParallel = 1;
				LastSwiftUpdateCheck = 1510;
				LastUpgradeCheck = 1510;
				TargetAttributes = {
					D702F1DE2C8C54D900FA06E3 = {
						CreatedOnToolsVersion = 15.1;
					};
				};
			};
			buildConfigurationList = D702F1DA2C8C54D900FA06E3 /* Build configuration list for PBXProject "Pastify" */;
			compatibilityVersion = "Xcode 14.0";
			developmentRegion = en;
			hasScannedForEncodings = 0;
			knownRegions = (
				en,
				Base,
			);
			mainGroup = D702F1D62C8C54D900FA06E3;
			productRefGroup = D702F1E02C8C54D900FA06E3 /* Products */;
			projectDirPath = "";
			projectRoot = "";
			targets = (
				D702F1DE2C8C54D900FA06E3 /* Pastify */,
			);
		};
/* End PBXProject section */

/* Begin PBXResourcesBuildPhase section */
		D702F1DD2C8C54D900FA06E3 /* Resources */ = {
			isa = PBXResourcesBuildPhase;
			buildActionMask = 2147483647;
			files = (
				D702F1EA2C8C54DA00FA06E3 /* Preview Assets.xcassets in Resources */,
				D702F1E72C8C54DA00FA06E3 /* Assets.xcassets in Resources */,
			);
			runOnlyForDeploymentPostprocessing = 0;
		};
/* End PBXResourcesBuildPhase section */

/* Begin PBXSourcesBuildPhase section */
		D702F1DB2C8C54D900FA06E3 /* Sources */ = {
			isa = PBXSourcesBuildPhase;
			buildActionMask = 2147483647;
			files = (
				D702F1E52C8C54D900FA06E3 /* ContentView.swift in Sources */,
				D702F2342C8D8FB700FA06E3 /* BoardListView.swift in Sources */,
				D702F2262C8CBF0900FA06E3 /* Color.swift in Sources */,
				D702F2312C8CDE4D00FA06E3 /* Font.swift in Sources */,
				D702F22D2C8CD8CE00FA06E3 /* CustomSpacer.swift in Sources */,
				D702F2182C8C958B00FA06E3 /* ClipboardView.swift in Sources */,
				D702F1E32C8C54D900FA06E3 /* PastifyApp.swift in Sources */,
				D702F22A2C8CCF9E00FA06E3 /* Radius.swift in Sources */,
				D702F21D2C8C978500FA06E3 /* BoardItemView.swift in Sources */,
				D702F2372C8DF44F00FA06E3 /* AddBoardView.swift in Sources */,
				D702F22F2C8CDE1100FA06E3 /* MyFont.swift in Sources */,
				D702F2152C8C7C4400FA06E3 /* HomeScreen.swift in Sources */,
				D702F2232C8CB49800FA06E3 /* RoundedBorder.swift in Sources */,
				D702F2282C8CCEF300FA06E3 /* Spacing.swift in Sources */,
				D702F21A2C8C95FC00FA06E3 /* ClipboardViewModel.swift in Sources */,
				D702F21F2C8C986400FA06E3 /* Board.swift in Sources */,
			);
			runOnlyForDeploymentPostprocessing = 0;
		};
/* End PBXSourcesBuildPhase section */

/* Begin XCBuildConfiguration section */
		D702F1EB2C8C54DA00FA06E3 /* Debug */ = {
			isa = XCBuildConfiguration;
			buildSettings = {
				ALWAYS_SEARCH_USER_PATHS = NO;
				ASSETCATALOG_COMPILER_GENERATE_SWIFT_ASSET_SYMBOL_EXTENSIONS = YES;
				CLANG_ANALYZER_NONNULL = YES;
				CLANG_ANALYZER_NUMBER_OBJECT_CONVERSION = YES_AGGRESSIVE;
				CLANG_CXX_LANGUAGE_STANDARD = "gnu++20";
				CLANG_ENABLE_MODULES = YES;
				CLANG_ENABLE_OBJC_ARC = YES;
				CLANG_ENABLE_OBJC_WEAK = YES;
				CLANG_WARN_BLOCK_CAPTURE_AUTORELEASING = YES;
				CLANG_WARN_BOOL_CONVERSION = YES;
				CLANG_WARN_COMMA = YES;
				CLANG_WARN_CONSTANT_CONVERSION = YES;
				CLANG_WARN_DEPRECATED_OBJC_IMPLEMENTATIONS = YES;
				CLANG_WARN_DIRECT_OBJC_ISA_USAGE = YES_ERROR;
				CLANG_WARN_DOCUMENTATION_COMMENTS = YES;
				CLANG_WARN_EMPTY_BODY = YES;
				CLANG_WARN_ENUM_CONVERSION = YES;
				CLANG_WARN_INFINITE_RECURSION = YES;
				CLANG_WARN_INT_CONVERSION = YES;
				CLANG_WARN_NON_LITERAL_NULL_CONVERSION = YES;
				CLANG_WARN_OBJC_IMPLICIT_RETAIN_SELF = YES;
				CLANG_WARN_OBJC_LITERAL_CONVERSION = YES;
				CLANG_WARN_OBJC_ROOT_CLASS = YES_ERROR;
				CLANG_WARN_QUOTED_INCLUDE_IN_FRAMEWORK_HEADER = YES;
				CLANG_WARN_RANGE_LOOP_ANALYSIS = YES;
				CLANG_WARN_STRICT_PROTOTYPES = YES;
				CLANG_WARN_SUSPICIOUS_MOVE = YES;
				CLANG_WARN_UNGUARDED_AVAILABILITY = YES_AGGRESSIVE;
				CLANG_WARN_UNREACHABLE_CODE = YES;
				CLANG_WARN__DUPLICATE_METHOD_MATCH = YES;
				COPY_PHASE_STRIP = NO;
				DEBUG_INFORMATION_FORMAT = dwarf;
				ENABLE_STRICT_OBJC_MSGSEND = YES;
				ENABLE_TESTABILITY = YES;
				ENABLE_USER_SCRIPT_SANDBOXING = YES;
				GCC_C_LANGUAGE_STANDARD = gnu17;
				GCC_DYNAMIC_NO_PIC = NO;
				GCC_NO_COMMON_BLOCKS = YES;
				GCC_OPTIMIZATION_LEVEL = 0;
				GCC_PREPROCESSOR_DEFINITIONS = (
					"DEBUG=1",
					"$(inherited)",
				);
				GCC_WARN_64_TO_32_BIT_CONVERSION = YES;
				GCC_WARN_ABOUT_RETURN_TYPE = YES_ERROR;
				GCC_WARN_UNDECLARED_SELECTOR = YES;
				GCC_WARN_UNINITIALIZED_AUTOS = YES_AGGRESSIVE;
				GCC_WARN_UNUSED_FUNCTION = YES;
				GCC_WARN_UNUSED_VARIABLE = YES;
				IPHONEOS_DEPLOYMENT_TARGET = 17.2;
				LOCALIZATION_PREFERS_STRING_CATALOGS = YES;
				MTL_ENABLE_DEBUG_INFO = INCLUDE_SOURCE;
				MTL_FAST_MATH = YES;
				ONLY_ACTIVE_ARCH = YES;
				SDKROOT = iphoneos;
				SWIFT_ACTIVE_COMPILATION_CONDITIONS = "DEBUG $(inherited)";
				SWIFT_OPTIMIZATION_LEVEL = "-Onone";
			};
			name = Debug;
		};
		D702F1EC2C8C54DA00FA06E3 /* Release */ = {
			isa = XCBuildConfiguration;
			buildSettings = {
				ALWAYS_SEARCH_USER_PATHS = NO;
				ASSETCATALOG_COMPILER_GENERATE_SWIFT_ASSET_SYMBOL_EXTENSIONS = YES;
				CLANG_ANALYZER_NONNULL = YES;
				CLANG_ANALYZER_NUMBER_OBJECT_CONVERSION = YES_AGGRESSIVE;
				CLANG_CXX_LANGUAGE_STANDARD = "gnu++20";
				CLANG_ENABLE_MODULES = YES;
				CLANG_ENABLE_OBJC_ARC = YES;
				CLANG_ENABLE_OBJC_WEAK = YES;
				CLANG_WARN_BLOCK_CAPTURE_AUTORELEASING = YES;
				CLANG_WARN_BOOL_CONVERSION = YES;
				CLANG_WARN_COMMA = YES;
				CLANG_WARN_CONSTANT_CONVERSION = YES;
				CLANG_WARN_DEPRECATED_OBJC_IMPLEMENTATIONS = YES;
				CLANG_WARN_DIRECT_OBJC_ISA_USAGE = YES_ERROR;
				CLANG_WARN_DOCUMENTATION_COMMENTS = YES;
				CLANG_WARN_EMPTY_BODY = YES;
				CLANG_WARN_ENUM_CONVERSION = YES;
				CLANG_WARN_INFINITE_RECURSION = YES;
				CLANG_WARN_INT_CONVERSION = YES;
				CLANG_WARN_NON_LITERAL_NULL_CONVERSION = YES;
				CLANG_WARN_OBJC_IMPLICIT_RETAIN_SELF = YES;
				CLANG_WARN_OBJC_LITERAL_CONVERSION = YES;
				CLANG_WARN_OBJC_ROOT_CLASS = YES_ERROR;
				CLANG_WARN_QUOTED_INCLUDE_IN_FRAMEWORK_HEADER = YES;
				CLANG_WARN_RANGE_LOOP_ANALYSIS = YES;
				CLANG_WARN_STRICT_PROTOTYPES = YES;
				CLANG_WARN_SUSPICIOUS_MOVE = YES;
				CLANG_WARN_UNGUARDED_AVAILABILITY = YES_AGGRESSIVE;
				CLANG_WARN_UNREACHABLE_CODE = YES;
				CLANG_WARN__DUPLICATE_METHOD_MATCH = YES;
				COPY_PHASE_STRIP = NO;
				DEBUG_INFORMATION_FORMAT = "dwarf-with-dsym";
				ENABLE_NS_ASSERTIONS = NO;
				ENABLE_STRICT_OBJC_MSGSEND = YES;
				ENABLE_USER_SCRIPT_SANDBOXING = YES;
				GCC_C_LANGUAGE_STANDARD = gnu17;
				GCC_NO_COMMON_BLOCKS = YES;
				GCC_WARN_64_TO_32_BIT_CONVERSION = YES;
				GCC_WARN_ABOUT_RETURN_TYPE = YES_ERROR;
				GCC_WARN_UNDECLARED_SELECTOR = YES;
				GCC_WARN_UNINITIALIZED_AUTOS = YES_AGGRESSIVE;
				GCC_WARN_UNUSED_FUNCTION = YES;
				GCC_WARN_UNUSED_VARIABLE = YES;
				IPHONEOS_DEPLOYMENT_TARGET = 17.2;
				LOCALIZATION_PREFERS_STRING_CATALOGS = YES;
				MTL_ENABLE_DEBUG_INFO = NO;
				MTL_FAST_MATH = YES;
				SDKROOT = iphoneos;
				SWIFT_COMPILATION_MODE = wholemodule;
				VALIDATE_PRODUCT = YES;
			};
			name = Release;
		};
		D702F1EE2C8C54DA00FA06E3 /* Debug */ = {
			isa = XCBuildConfiguration;
			buildSettings = {
				ASSETCATALOG_COMPILER_APPICON_NAME = AppIcon;
				ASSETCATALOG_COMPILER_GLOBAL_ACCENT_COLOR_NAME = AccentColor;
				CODE_SIGN_STYLE = Automatic;
				CURRENT_PROJECT_VERSION = 1;
				DEVELOPMENT_ASSET_PATHS = "\"Pastify/Preview Content\"";
				ENABLE_PREVIEWS = YES;
				GENERATE_INFOPLIST_FILE = YES;
				INFOPLIST_KEY_UIApplicationSceneManifest_Generation = YES;
				INFOPLIST_KEY_UIApplicationSupportsIndirectInputEvents = YES;
				INFOPLIST_KEY_UILaunchScreen_Generation = YES;
				INFOPLIST_KEY_UISupportedInterfaceOrientations_iPad = "UIInterfaceOrientationPortrait UIInterfaceOrientationPortraitUpsideDown UIInterfaceOrientationLandscapeLeft UIInterfaceOrientationLandscapeRight";
				INFOPLIST_KEY_UISupportedInterfaceOrientations_iPhone = "UIInterfaceOrientationPortrait UIInterfaceOrientationLandscapeLeft UIInterfaceOrientationLandscapeRight";
				LD_RUNPATH_SEARCH_PATHS = (
					"$(inherited)",
					"@executable_path/Frameworks",
				);
				MARKETING_VERSION = 1.0;
				PRODUCT_BUNDLE_IDENTIFIER = com.onrois.Pastify;
				PRODUCT_NAME = "$(TARGET_NAME)";
				SWIFT_EMIT_LOC_STRINGS = YES;
				SWIFT_VERSION = 5.0;
				TARGETED_DEVICE_FAMILY = "1,2";
			};
			name = Debug;
		};
		D702F1EF2C8C54DA00FA06E3 /* Release */ = {
			isa = XCBuildConfiguration;
			buildSettings = {
				ASSETCATALOG_COMPILER_APPICON_NAME = AppIcon;
				ASSETCATALOG_COMPILER_GLOBAL_ACCENT_COLOR_NAME = AccentColor;
				CODE_SIGN_STYLE = Automatic;
				CURRENT_PROJECT_VERSION = 1;
				DEVELOPMENT_ASSET_PATHS = "\"Pastify/Preview Content\"";
				ENABLE_PREVIEWS = YES;
				GENERATE_INFOPLIST_FILE = YES;
				INFOPLIST_KEY_UIApplicationSceneManifest_Generation = YES;
				INFOPLIST_KEY_UIApplicationSupportsIndirectInputEvents = YES;
				INFOPLIST_KEY_UILaunchScreen_Generation = YES;
				INFOPLIST_KEY_UISupportedInterfaceOrientations_iPad = "UIInterfaceOrientationPortrait UIInterfaceOrientationPortraitUpsideDown UIInterfaceOrientationLandscapeLeft UIInterfaceOrientationLandscapeRight";
				INFOPLIST_KEY_UISupportedInterfaceOrientations_iPhone = "UIInterfaceOrientationPortrait UIInterfaceOrientationLandscapeLeft UIInterfaceOrientationLandscapeRight";
				LD_RUNPATH_SEARCH_PATHS = (
					"$(inherited)",
					"@executable_path/Frameworks",
				);
				MARKETING_VERSION = 1.0;
				PRODUCT_BUNDLE_IDENTIFIER = com.onrois.Pastify;
				PRODUCT_NAME = "$(TARGET_NAME)";
				SWIFT_EMIT_LOC_STRINGS = YES;
				SWIFT_VERSION = 5.0;
				TARGETED_DEVICE_FAMILY = "1,2";
			};
			name = Release;
		};
/* End XCBuildConfiguration section */

/* Begin XCConfigurationList section */
		D702F1DA2C8C54D900FA06E3 /* Build configuration list for PBXProject "Pastify" */ = {
			isa = XCConfigurationList;
			buildConfigurations = (
				D702F1EB2C8C54DA00FA06E3 /* Debug */,
				D702F1EC2C8C54DA00FA06E3 /* Release */,
			);
			defaultConfigurationIsVisible = 0;
			defaultConfigurationName = Release;
		};
		D702F1ED2C8C54DA00FA06E3 /* Build configuration list for PBXNativeTarget "Pastify" */ = {
			isa = XCConfigurationList;
			buildConfigurations = (
				D702F1EE2C8C54DA00FA06E3 /* Debug */,
				D702F1EF2C8C54DA00FA06E3 /* Release */,
			);
			defaultConfigurationIsVisible = 0;
			defaultConfigurationName = Release;
		};
/* End XCConfigurationList section */
	};
	rootObject = D702F1D72C8C54D900FA06E3 /* Project object */;
}
